
Microsoft Visual Studio Solution File, Format Version 12.00
# Visual Studio 15
VisualStudioVersion = 15.0.26403.7
MinimumVisualStudioVersion = 10.0.40219.1
Project("{FAE04EC0-301F-11D3-BF4B-00C04F79EFBC}") = "AniView", "AniView\AniView.csproj", "{F7F70723-73CC-4075-AA2B-2CE18B0BE707}"
EndProject
Global
	GlobalSection(SolutionConfigurationPlatforms) = preSolution
		Debug|Any CPU = Debug|Any CPU
		Debug|x86 = Debug|x86
		Release|Any CPU = Release|Any CPU
		Release|x86 = Release|x86
	EndGlobalSection
	GlobalSection(ProjectConfigurationPlatforms) = postSolution
		{F7F70723-73CC-4075-AA2B-2CE18B0BE707}.Debug|Any CPU.ActiveCfg = Debug|Any CPU
		{F7F70723-73CC-4075-AA2B-2CE18B0BE707}.Debug|Any CPU.Build.0 = Debug|Any CPU
		{F7F70723-73CC-4075-AA2B-2CE18B0BE707}.Debug|x86.ActiveCfg = Debug|Any CPU
		{F7F70723-73CC-4075-AA2B-2CE18B0BE707}.Debug|x86.Build.0 = Debug|Any CPU
		{F7F70723-73CC-4075-AA2B-2CE18B0BE707}.Release|Any CPU.ActiveCfg = Release|Any CPU
		{F7F70723-73CC-4075-AA2B-2CE18B0BE707}.Release|Any CPU.Build.0 = Release|Any CPU
		{F7F70723-73CC-4075-AA2B-2CE18B0BE707}.Release|x86.ActiveCfg = Release|Any CPU
		{F7F70723-73CC-4075-AA2B-2CE18B0BE707}.Release|x86.Build.0 = Release|Any CPU
	EndGlobalSection
	GlobalSection(SolutionProperties) = preSolution
		HideSolutionNode = FALSE
	EndGlobalSection
	GlobalSection(ExtensibilityGlobals) = postSolution
		SolutionGuid = {A627ECF1-CD0D-4353-840A-B3A7D5A85EC0}
	EndGlobalSection
EndGlobal
